
Microsoft Visual Studio Solution File, Format Version 12.00
# Visual Studio Version 16
VisualStudioVersion = 16.0.30621.155
MinimumVisualStudioVersion = 10.0.40219.1
Project("{FAE04EC0-301F-11D3-BF4B-00C04F79EFBC}") = "aoe3wpfg", "aoe3wpfg\aoe3wpfg.csproj", "{3059EC7E-1E34-4CC3-BC62-0DAA629B963A}"
EndProject
Global
	GlobalSection(SolutionConfigurationPlatforms) = preSolution
		Debug|Any CPU = Debug|Any CPU
		Release|Any CPU = Release|Any CPU
	EndGlobalSection
	GlobalSection(ProjectConfigurationPlatforms) = postSolution
		{3059EC7E-1E34-4CC3-BC62-0DAA629B963A}.Debug|Any CPU.ActiveCfg = Debug|Any CPU
		{3059EC7E-1E34-4CC3-BC62-0DAA629B963A}.Debug|Any CPU.Build.0 = Debug|Any CPU
		{3059EC7E-1E34-4CC3-BC62-0DAA629B963A}.Release|Any CPU.ActiveCfg = Release|Any CPU
		{3059EC7E-1E34-4CC3-BC62-0DAA629B963A}.Release|Any CPU.Build.0 = Release|Any CPU
	EndGlobalSection
	GlobalSection(SolutionProperties) = preSolution
		HideSolutionNode = FALSE
	EndGlobalSection
	GlobalSection(ExtensibilityGlobals) = postSolution
		SolutionGuid = {536D1B24-E146-4AF7-9623-5969B80D728F}
	EndGlobalSection
EndGlobal
